
Microsoft Visual Studio Solution File, Format Version 12.00
# Visual Studio Version 16
VisualStudioVersion = 16.0.30225.117
MinimumVisualStudioVersion = 10.0.40219.1
Project("{FAE04EC0-301F-11D3-BF4B-00C04F79EFBC}") = "WebAppExplore12-08-2020", "WebAppExplore12-08-2020\WebAppExplore12-08-2020.csproj", "{A43A00CD-A19E-4016-8724-0673894EFB3C}"
EndProject
Global
	GlobalSection(SolutionConfigurationPlatforms) = preSolution
		Debug|Any CPU = Debug|Any CPU
		Release|Any CPU = Release|Any CPU
	EndGlobalSection
	GlobalSection(ProjectConfigurationPlatforms) = postSolution
		{A43A00CD-A19E-4016-8724-0673894EFB3C}.Debug|Any CPU.ActiveCfg = Debug|Any CPU
		{A43A00CD-A19E-4016-8724-0673894EFB3C}.Debug|Any CPU.Build.0 = Debug|Any CPU
		{A43A00CD-A19E-4016-8724-0673894EFB3C}.Release|Any CPU.ActiveCfg = Release|Any CPU
		{A43A00CD-A19E-4016-8724-0673894EFB3C}.Release|Any CPU.Build.0 = Release|Any CPU
	EndGlobalSection
	GlobalSection(SolutionProperties) = preSolution
		HideSolutionNode = FALSE
	EndGlobalSection
	GlobalSection(ExtensibilityGlobals) = postSolution
		SolutionGuid = {EC6CF5BA-9F47-46B3-BA1B-DCB94708C285}
	EndGlobalSection
EndGlobal
